
Microsoft Visual Studio Solution File, Format Version 12.00
# Visual Studio 15
VisualStudioVersion = 15.0.26730.16
MinimumVisualStudioVersion = 10.0.40219.1
Project("{FAE04EC0-301F-11D3-BF4B-00C04F79EFBC}") = "INFT2012Assignment", "INFT2012Assignment\INFT2012Assignment.csproj", "{3D7A1C52-F600-43B7-A4B4-8DA3FEF8BAD3}"
EndProject
Global
	GlobalSection(SolutionConfigurationPlatforms) = preSolution
		Debug|Any CPU = Debug|Any CPU
		Release|Any CPU = Release|Any CPU
	EndGlobalSection
	GlobalSection(ProjectConfigurationPlatforms) = postSolution
		{3D7A1C52-F600-43B7-A4B4-8DA3FEF8BAD3}.Debug|Any CPU.ActiveCfg = Debug|Any CPU
		{3D7A1C52-F600-43B7-A4B4-8DA3FEF8BAD3}.Debug|Any CPU.Build.0 = Debug|Any CPU
		{3D7A1C52-F600-43B7-A4B4-8DA3FEF8BAD3}.Release|Any CPU.ActiveCfg = Release|Any CPU
		{3D7A1C52-F600-43B7-A4B4-8DA3FEF8BAD3}.Release|Any CPU.Build.0 = Release|Any CPU
	EndGlobalSection
	GlobalSection(SolutionProperties) = preSolution
		HideSolutionNode = FALSE
	EndGlobalSection
	GlobalSection(ExtensibilityGlobals) = postSolution
		SolutionGuid = {33664816-49CD-49BC-BA90-EBA71F0FF458}
	EndGlobalSection
EndGlobal
